// !$*UTF8*$!
{
	archiveVersion = 1;
	classes = {
	};
	objectVersion = 50;
	objects = {

/* Begin PBXBuildFile section */
		1B938E3820C2F66400B2F83D /* Event.swift in Sources */ = {isa = PBXBuildFile; fileRef = 1B938E3720C2F66400B2F83D /* Event.swift */; };
		F5870C5D20C1D046001BC7FF /* AppDelegate.swift in Sources */ = {isa = PBXBuildFile; fileRef = F5870C5C20C1D046001BC7FF /* AppDelegate.swift */; };
		F5870C6220C1D046001BC7FF /* Main.storyboard in Resources */ = {isa = PBXBuildFile; fileRef = F5870C6020C1D046001BC7FF /* Main.storyboard */; };
		F5870C6420C1D047001BC7FF /* Assets.xcassets in Resources */ = {isa = PBXBuildFile; fileRef = F5870C6320C1D047001BC7FF /* Assets.xcassets */; };
		F5870C6E20C1DA1C001BC7FF /* SessionsTableViewController.swift in Sources */ = {isa = PBXBuildFile; fileRef = F5870C6D20C1DA1C001BC7FF /* SessionsTableViewController.swift */; };
		F5870C7020C1DA91001BC7FF /* SessionsTableViewCell.swift in Sources */ = {isa = PBXBuildFile; fileRef = F5870C6F20C1DA91001BC7FF /* SessionsTableViewCell.swift */; };
		F5870C7220C1E47B001BC7FF /* DetailedTableViewController.swift in Sources */ = {isa = PBXBuildFile; fileRef = F5870C7120C1E47B001BC7FF /* DetailedTableViewController.swift */; };
		F5870C7420C1E894001BC7FF /* DetailedTableViewCell.swift in Sources */ = {isa = PBXBuildFile; fileRef = F5870C7320C1E894001BC7FF /* DetailedTableViewCell.swift */; };
		F5870C7620C27972001BC7FF /* DataSource.swift in Sources */ = {isa = PBXBuildFile; fileRef = F5870C7520C27972001BC7FF /* DataSource.swift */; };
/* End PBXBuildFile section */

/* Begin PBXFileReference section */
		1B938E3720C2F66400B2F83D /* Event.swift */ = {isa = PBXFileReference; lastKnownFileType = sourcecode.swift; path = Event.swift; sourceTree = "<group>"; };
		F5870C5920C1D046001BC7FF /* streamingProgram.app */ = {isa = PBXFileReference; explicitFileType = wrapper.application; includeInIndex = 0; path = streamingProgram.app; sourceTree = BUILT_PRODUCTS_DIR; };
		F5870C5C20C1D046001BC7FF /* AppDelegate.swift */ = {isa = PBXFileReference; lastKnownFileType = sourcecode.swift; path = AppDelegate.swift; sourceTree = "<group>"; };
		F5870C6120C1D046001BC7FF /* Base */ = {isa = PBXFileReference; lastKnownFileType = file.storyboard; name = Base; path = Base.lproj/Main.storyboard; sourceTree = "<group>"; };
		F5870C6320C1D047001BC7FF /* Assets.xcassets */ = {isa = PBXFileReference; lastKnownFileType = folder.assetcatalog; path = Assets.xcassets; sourceTree = "<group>"; };
		F5870C6520C1D047001BC7FF /* Info.plist */ = {isa = PBXFileReference; lastKnownFileType = text.plist.xml; path = Info.plist; sourceTree = "<group>"; };
		F5870C6D20C1DA1C001BC7FF /* SessionsTableViewController.swift */ = {isa = PBXFileReference; lastKnownFileType = sourcecode.swift; path = SessionsTableViewController.swift; sourceTree = "<group>"; };
		F5870C6F20C1DA91001BC7FF /* SessionsTableViewCell.swift */ = {isa = PBXFileReference; lastKnownFileType = sourcecode.swift; path = SessionsTableViewCell.swift; sourceTree = "<group>"; };
		F5870C7120C1E47B001BC7FF /* DetailedTableViewController.swift */ = {isa = PBXFileReference; lastKnownFileType = sourcecode.swift; path = DetailedTableViewController.swift; sourceTree = "<group>"; };
		F5870C7320C1E894001BC7FF /* DetailedTableViewCell.swift */ = {isa = PBXFileReference; lastKnownFileType = sourcecode.swift; path = DetailedTableViewCell.swift; sourceTree = "<group>"; };
		F5870C7520C27972001BC7FF /* DataSource.swift */ = {isa = PBXFileReference; lastKnownFileType = sourcecode.swift; path = DataSource.swift; sourceTree = "<group>"; };
/* End PBXFileReference section */

/* Begin PBXFrameworksBuildPhase section */
		F5870C5620C1D046001BC7FF /* Frameworks */ = {
			isa = PBXFrameworksBuildPhase;
			buildActionMask = 2147483647;
			files = (
			);
			runOnlyForDeploymentPostprocessing = 0;
		};
/* End PBXFrameworksBuildPhase section */

/* Begin PBXGroup section */
		1B20EF4B20C57A330083AC84 /* Controllers */ = {
			isa = PBXGroup;
			children = (
				F5870C7120C1E47B001BC7FF /* DetailedTableViewController.swift */,
				F5870C6D20C1DA1C001BC7FF /* SessionsTableViewController.swift */,
			);
			path = Controllers;
			sourceTree = "<group>";
		};
		1B20EF4C20C57A6D0083AC84 /* Models */ = {
			isa = PBXGroup;
			children = (
				1B938E3720C2F66400B2F83D /* Event.swift */,
			);
			path = Models;
			sourceTree = "<group>";
		};
		1B20EF4E20C57A920083AC84 /* Views */ = {
			isa = PBXGroup;
			children = (
				F5870C7320C1E894001BC7FF /* DetailedTableViewCell.swift */,
				F5870C6F20C1DA91001BC7FF /* SessionsTableViewCell.swift */,
			);
			path = Views;
			sourceTree = "<group>";
		};
		F5870C5020C1D046001BC7FF = {
			isa = PBXGroup;
			children = (
				F5870C5B20C1D046001BC7FF /* streamingProgram */,
				F5870C5A20C1D046001BC7FF /* Products */,
			);
			sourceTree = "<group>";
		};
		F5870C5A20C1D046001BC7FF /* Products */ = {
			isa = PBXGroup;
			children = (
				F5870C5920C1D046001BC7FF /* streamingProgram.app */,
			);
			name = Products;
			sourceTree = "<group>";
		};
		F5870C5B20C1D046001BC7FF /* streamingProgram */ = {
			isa = PBXGroup;
			children = (
				F5870C5C20C1D046001BC7FF /* AppDelegate.swift */,
				F5870C7520C27972001BC7FF /* DataSource.swift */,
				1B20EF4B20C57A330083AC84 /* Controllers */,
				1B20EF4C20C57A6D0083AC84 /* Models */,
				1B20EF4E20C57A920083AC84 /* Views */,
				F5870C6020C1D046001BC7FF /* Main.storyboard */,
				F5870C6320C1D047001BC7FF /* Assets.xcassets */,
				F5870C6520C1D047001BC7FF /* Info.plist */,
			);
			path = streamingProgram;
			sourceTree = "<group>";
		};
/* End PBXGroup section */

/* Begin PBXNativeTarget section */
		F5870C5820C1D046001BC7FF /* streamingProgram */ = {
			isa = PBXNativeTarget;
			buildConfigurationList = F5870C6820C1D047001BC7FF /* Build configuration list for PBXNativeTarget "streamingProgram" */;
			buildPhases = (
				F5870C5520C1D046001BC7FF /* Sources */,
				F5870C5620C1D046001BC7FF /* Frameworks */,
				F5870C5720C1D046001BC7FF /* Resources */,
			);
			buildRules = (
			);
			dependencies = (
			);
			name = streamingProgram;
			productName = streamingProgram;
			productReference = F5870C5920C1D046001BC7FF /* streamingProgram.app */;
			productType = "com.apple.product-type.application";
		};
/* End PBXNativeTarget section */

/* Begin PBXProject section */
		F5870C5120C1D046001BC7FF /* Project object */ = {
			isa = PBXProject;
			attributes = {
				LastSwiftUpdateCheck = 0930;
				LastUpgradeCheck = 0930;
				ORGANIZATIONNAME = "Antonio Giaquinto";
				TargetAttributes = {
					F5870C5820C1D046001BC7FF = {
						CreatedOnToolsVersion = 9.3.1;
					};
				};
			};
			buildConfigurationList = F5870C5420C1D046001BC7FF /* Build configuration list for PBXProject "streamingProgram" */;
			compatibilityVersion = "Xcode 9.3";
			developmentRegion = en;
			hasScannedForEncodings = 0;
			knownRegions = (
				en,
				Base,
			);
			mainGroup = F5870C5020C1D046001BC7FF;
			productRefGroup = F5870C5A20C1D046001BC7FF /* Products */;
			projectDirPath = "";
			projectRoot = "";
			targets = (
				F5870C5820C1D046001BC7FF /* streamingProgram */,
			);
		};
/* End PBXProject section */

/* Begin PBXResourcesBuildPhase section */
		F5870C5720C1D046001BC7FF /* Resources */ = {
			isa = PBXResourcesBuildPhase;
			buildActionMask = 2147483647;
			files = (
				F5870C6420C1D047001BC7FF /* Assets.xcassets in Resources */,
				F5870C6220C1D046001BC7FF /* Main.storyboard in Resources */,
			);
			runOnlyForDeploymentPostprocessing = 0;
		};
/* End PBXResourcesBuildPhase section */

/* Begin PBXSourcesBuildPhase section */
		F5870C5520C1D046001BC7FF /* Sources */ = {
			isa = PBXSourcesBuildPhase;
			buildActionMask = 2147483647;
			files = (
				1B938E3820C2F66400B2F83D /* Event.swift in Sources */,
				F5870C7020C1DA91001BC7FF /* SessionsTableViewCell.swift in Sources */,
				F5870C7620C27972001BC7FF /* DataSource.swift in Sources */,
				F5870C5D20C1D046001BC7FF /* AppDelegate.swift in Sources */,
				F5870C7420C1E894001BC7FF /* DetailedTableViewCell.swift in Sources */,
				F5870C7220C1E47B001BC7FF /* DetailedTableViewController.swift in Sources */,
				F5870C6E20C1DA1C001BC7FF /* SessionsTableViewController.swift in Sources */,
			);
			runOnlyForDeploymentPostprocessing = 0;
		};
/* End PBXSourcesBuildPhase section */

/* Begin PBXVariantGroup section */
		F5870C6020C1D046001BC7FF /* Main.storyboard */ = {
			isa = PBXVariantGroup;
			children = (
				F5870C6120C1D046001BC7FF /* Base */,
			);
			name = Main.storyboard;
			sourceTree = "<group>";
		};
/* End PBXVariantGroup section */

/* Begin XCBuildConfiguration section */
		F5870C6620C1D047001BC7FF /* Debug */ = {
			isa = XCBuildConfiguration;
			buildSettings = {
				ALWAYS_SEARCH_USER_PATHS = NO;
				CLANG_ANALYZER_NONNULL = YES;
				CLANG_ANALYZER_NUMBER_OBJECT_CONVERSION = YES_AGGRESSIVE;
				CLANG_CXX_LANGUAGE_STANDARD = "gnu++14";
				CLANG_CXX_LIBRARY = "libc++";
				CLANG_ENABLE_MODULES = YES;
				CLANG_ENABLE_OBJC_ARC = YES;
				CLANG_ENABLE_OBJC_WEAK = YES;
				CLANG_WARN_BLOCK_CAPTURE_AUTORELEASING = YES;
				CLANG_WARN_BOOL_CONVERSION = YES;
				CLANG_WARN_COMMA = YES;
				CLANG_WARN_CONSTANT_CONVERSION = YES;
				CLANG_WARN_DEPRECATED_OBJC_IMPLEMENTATIONS = YES;
				CLANG_WARN_DIRECT_OBJC_ISA_USAGE = YES_ERROR;
				CLANG_WARN_DOCUMENTATION_COMMENTS = YES;
				CLANG_WARN_EMPTY_BODY = YES;
				CLANG_WARN_ENUM_CONVERSION = YES;
				CLANG_WARN_INFINITE_RECURSION = YES;
				CLANG_WARN_INT_CONVERSION = YES;
				CLANG_WARN_NON_LITERAL_NULL_CONVERSION = YES;
				CLANG_WARN_OBJC_IMPLICIT_RETAIN_SELF = YES;
				CLANG_WARN_OBJC_LITERAL_CONVERSION = YES;
				CLANG_WARN_OBJC_ROOT_CLASS = YES_ERROR;
				CLANG_WARN_RANGE_LOOP_ANALYSIS = YES;
				CLANG_WARN_STRICT_PROTOTYPES = YES;
				CLANG_WARN_SUSPICIOUS_MOVE = YES;
				CLANG_WARN_UNGUARDED_AVAILABILITY = YES_AGGRESSIVE;
				CLANG_WARN_UNREACHABLE_CODE = YES;
				CLANG_WARN__DUPLICATE_METHOD_MATCH = YES;
				COPY_PHASE_STRIP = NO;
				DEBUG_INFORMATION_FORMAT = dwarf;
				ENABLE_STRICT_OBJC_MSGSEND = YES;
				ENABLE_TESTABILITY = YES;
				GCC_C_LANGUAGE_STANDARD = gnu11;
				GCC_DYNAMIC_NO_PIC = NO;
				GCC_NO_COMMON_BLOCKS = YES;
				GCC_OPTIMIZATION_LEVEL = 0;
				GCC_PREPROCESSOR_DEFINITIONS = (
					"DEBUG=1",
					"$(inherited)",
				);
				GCC_WARN_64_TO_32_BIT_CONVERSION = YES;
				GCC_WARN_ABOUT_RETURN_TYPE = YES_ERROR;
				GCC_WARN_UNDECLARED_SELECTOR = YES;
				GCC_WARN_UNINITIALIZED_AUTOS = YES_AGGRESSIVE;
				GCC_WARN_UNUSED_FUNCTION = YES;
				GCC_WARN_UNUSED_VARIABLE = YES;
				MTL_ENABLE_DEBUG_INFO = YES;
				ONLY_ACTIVE_ARCH = YES;
				SDKROOT = appletvos;
				SWIFT_ACTIVE_COMPILATION_CONDITIONS = DEBUG;
				SWIFT_OPTIMIZATION_LEVEL = "-Onone";
				TVOS_DEPLOYMENT_TARGET = 11.3;
			};
			name = Debug;
		};
		F5870C6720C1D047001BC7FF /* Release */ = {
			isa = XCBuildConfiguration;
			buildSettings = {
				ALWAYS_SEARCH_USER_PATHS = NO;
				CLANG_ANALYZER_NONNULL = YES;
				CLANG_ANALYZER_NUMBER_OBJECT_CONVERSION = YES_AGGRESSIVE;
				CLANG_CXX_LANGUAGE_STANDARD = "gnu++14";
				CLANG_CXX_LIBRARY = "libc++";
				CLANG_ENABLE_MODULES = YES;
				CLANG_ENABLE_OBJC_ARC = YES;
				CLANG_ENABLE_OBJC_WEAK = YES;
				CLANG_WARN_BLOCK_CAPTURE_AUTORELEASING = YES;
				CLANG_WARN_BOOL_CONVERSION = YES;
				CLANG_WARN_COMMA = YES;
				CLANG_WARN_CONSTANT_CONVERSION = YES;
				CLANG_WARN_DEPRECATED_OBJC_IMPLEMENTATIONS = YES;
				CLANG_WARN_DIRECT_OBJC_ISA_USAGE = YES_ERROR;
				CLANG_WARN_DOCUMENTATION_COMMENTS = YES;
				CLANG_WARN_EMPTY_BODY = YES;
				CLANG_WARN_ENUM_CONVERSION = YES;
				CLANG_WARN_INFINITE_RECURSION = YES;
				CLANG_WARN_INT_CONVERSION = YES;
				CLANG_WARN_NON_LITERAL_NULL_CONVERSION = YES;
				CLANG_WARN_OBJC_IMPLICIT_RETAIN_SELF = YES;
				CLANG_WARN_OBJC_LITERAL_CONVERSION = YES;
				CLANG_WARN_OBJC_ROOT_CLASS = YES_ERROR;
				CLANG_WARN_RANGE_LOOP_ANALYSIS = YES;
				CLANG_WARN_STRICT_PROTOTYPES = YES;
				CLANG_WARN_SUSPICIOUS_MOVE = YES;
				CLANG_WARN_UNGUARDED_AVAILABILITY = YES_AGGRESSIVE;
				CLANG_WARN_UNREACHABLE_CODE = YES;
				CLANG_WARN__DUPLICATE_METHOD_MATCH = YES;
				COPY_PHASE_STRIP = NO;
				DEBUG_INFORMATION_FORMAT = "dwarf-with-dsym";
				ENABLE_NS_ASSERTIONS = NO;
				ENABLE_STRICT_OBJC_MSGSEND = YES;
				GCC_C_LANGUAGE_STANDARD = gnu11;
				GCC_NO_COMMON_BLOCKS = YES;
				GCC_WARN_64_TO_32_BIT_CONVERSION = YES;
				GCC_WARN_ABOUT_RETURN_TYPE = YES_ERROR;
				GCC_WARN_UNDECLARED_SELECTOR = YES;
				GCC_WARN_UNINITIALIZED_AUTOS = YES_AGGRESSIVE;
				GCC_WARN_UNUSED_FUNCTION = YES;
				GCC_WARN_UNUSED_VARIABLE = YES;
				MTL_ENABLE_DEBUG_INFO = NO;
				SDKROOT = appletvos;
				SWIFT_COMPILATION_MODE = wholemodule;
				SWIFT_OPTIMIZATION_LEVEL = "-O";
				TVOS_DEPLOYMENT_TARGET = 11.3;
				VALIDATE_PRODUCT = YES;
			};
			name = Release;
		};
		F5870C6920C1D047001BC7FF /* Debug */ = {
			isa = XCBuildConfiguration;
			buildSettings = {
				ASSETCATALOG_COMPILER_APPICON_NAME = "App Icon & Top Shelf Image";
				CODE_SIGN_STYLE = Automatic;
				DEVELOPMENT_TEAM = TT2HY7NRD9;
				INFOPLIST_FILE = streamingProgram/Info.plist;
				LD_RUNPATH_SEARCH_PATHS = (
					"$(inherited)",
					"@executable_path/Frameworks",
				);
				PRODUCT_BUNDLE_IDENTIFIER = com.antonio.wwdcWeekStreaming;
				PRODUCT_NAME = "$(TARGET_NAME)";
				SWIFT_VERSION = 4.0;
				TARGETED_DEVICE_FAMILY = 3;
			};
			name = Debug;
		};
		F5870C6A20C1D047001BC7FF /* Release */ = {
			isa = XCBuildConfiguration;
			buildSettings = {
				ASSETCATALOG_COMPILER_APPICON_NAME = "App Icon & Top Shelf Image";
				CODE_SIGN_STYLE = Automatic;
				DEVELOPMENT_TEAM = TT2HY7NRD9;
				INFOPLIST_FILE = streamingProgram/Info.plist;
				LD_RUNPATH_SEARCH_PATHS = (
					"$(inherited)",
					"@executable_path/Frameworks",
				);
				PRODUCT_BUNDLE_IDENTIFIER = com.antonio.wwdcWeekStreaming;
				PRODUCT_NAME = "$(TARGET_NAME)";
				SWIFT_VERSION = 4.0;
				TARGETED_DEVICE_FAMILY = 3;
			};
			name = Release;
		};
/* End XCBuildConfiguration section */

/* Begin XCConfigurationList section */
		F5870C5420C1D046001BC7FF /* Build configuration list for PBXProject "streamingProgram" */ = {
			isa = XCConfigurationList;
			buildConfigurations = (
				F5870C6620C1D047001BC7FF /* Debug */,
				F5870C6720C1D047001BC7FF /* Release */,
			);
			defaultConfigurationIsVisible = 0;
			defaultConfigurationName = Release;
		};
		F5870C6820C1D047001BC7FF /* Build configuration list for PBXNativeTarget "streamingProgram" */ = {
			isa = XCConfigurationList;
			buildConfigurations = (
				F5870C6920C1D047001BC7FF /* Debug */,
				F5870C6A20C1D047001BC7FF /* Release */,
			);
			defaultConfigurationIsVisible = 0;
			defaultConfigurationName = Release;
		};
/* End XCConfigurationList section */
	};
	rootObject = F5870C5120C1D046001BC7FF /* Project object */;
}
